
Microsoft Visual Studio Solution File, Format Version 12.00
# Visual Studio Version 16
VisualStudioVersion = 16.0.30523.141
MinimumVisualStudioVersion = 10.0.40219.1
Project("{FAE04EC0-301F-11D3-BF4B-00C04F79EFBC}") = "MarketBrowser", "MarketBrowser.csproj", "{5B15614F-746C-4D7B-9088-66E5A10B4569}"
EndProject
Global
	GlobalSection(SolutionConfigurationPlatforms) = preSolution
		Debug|Any CPU = Debug|Any CPU
		Release|Any CPU = Release|Any CPU
	EndGlobalSection
	GlobalSection(ProjectConfigurationPlatforms) = postSolution
		{5B15614F-746C-4D7B-9088-66E5A10B4569}.Debug|Any CPU.ActiveCfg = Debug|Any CPU
		{5B15614F-746C-4D7B-9088-66E5A10B4569}.Debug|Any CPU.Build.0 = Debug|Any CPU
		{5B15614F-746C-4D7B-9088-66E5A10B4569}.Release|Any CPU.ActiveCfg = Release|Any CPU
		{5B15614F-746C-4D7B-9088-66E5A10B4569}.Release|Any CPU.Build.0 = Release|Any CPU
	EndGlobalSection
	GlobalSection(SolutionProperties) = preSolution
		HideSolutionNode = FALSE
	EndGlobalSection
	GlobalSection(ExtensibilityGlobals) = postSolution
		SolutionGuid = {CBC02621-D2D5-4C1D-B1BA-561A90F4033B}
	EndGlobalSection
EndGlobal
